
Microsoft Visual Studio Solution File, Format Version 12.00
# Visual Studio 2013
VisualStudioVersion = 12.0.31101.0
MinimumVisualStudioVersion = 10.0.40219.1
Project("{FAE04EC0-301F-11D3-BF4B-00C04F79EFBC}") = "DatRyze", "DatRyze\DatRyze.csproj", "{96BAAD40-C311-4E6E-96DD-BA8AB0FF6D92}"
EndProject
Project("{FAE04EC0-301F-11D3-BF4B-00C04F79EFBC}") = "DatRenekton", "DatRenekton\DatRenekton.csproj", "{6A9AE5FF-C86A-4A51-9B75-8F07E66B4968}"
EndProject
Project("{FAE04EC0-301F-11D3-BF4B-00C04F79EFBC}") = "DatBrand", "DatBrand\DatBrand.csproj", "{4B99BA8E-B333-4CF4-991E-35D3A5247283}"
EndProject
Project("{2150E333-8FDC-42A3-9474-1A3956D46DE8}") = "Solution Items", "Solution Items", "{C15ECA4F-0583-433A-A21B-79531E550493}"
	ProjectSection(SolutionItems) = preProject
		.gitattributes = .gitattributes
		.gitignore = .gitignore
		README.md = README.md
	EndProjectSection
EndProject
Project("{FAE04EC0-301F-11D3-BF4B-00C04F79EFBC}") = "PentakillZed", "PentakillZed\PentakillZed.csproj", "{2348C1E9-386A-4149-8DF2-AFBD5A65662C}"
EndProject
Project("{FAE04EC0-301F-11D3-BF4B-00C04F79EFBC}") = "Pentakill Zed", "Pentakill Zed\Pentakill Zed.csproj", "{55676A21-18F6-4CDE-B956-F24A2743AD73}"
EndProject
Project("{FAE04EC0-301F-11D3-BF4B-00C04F79EFBC}") = "Pentakill Cassiopeia", "Pentakill Cassiopeia\Pentakill Cassiopeia.csproj", "{33C78BF8-E0A3-41CA-A6A0-AC4CC285E5EA}"
EndProject
Project("{FAE04EC0-301F-11D3-BF4B-00C04F79EFBC}") = "PentakillOrianna", "PentakillOrianna\PentakillOrianna.csproj", "{A5293D9D-A158-45E6-B98E-785732F87C8C}"
EndProject
Project("{FAE04EC0-301F-11D3-BF4B-00C04F79EFBC}") = "Pentakill LeBlanc", "Pentakill LeBlanc\Pentakill LeBlanc.csproj", "{9B0E2FC6-202A-471E-8108-E1E057EB994C}"
EndProject
Project("{FAE04EC0-301F-11D3-BF4B-00C04F79EFBC}") = "AssemblySkeleton", "AssemblySkeleton\AssemblySkeleton.csproj", "{35AEC5DD-9134-4077-8BBB-8561DBD2F381}"
EndProject
Project("{FAE04EC0-301F-11D3-BF4B-00C04F79EFBC}") = "GoldenAIOSeries", "Golden AIO Series\GoldenAIOSeries.csproj", "{3B3D62FF-9E45-42E0-98B4-8E2473E64796}"
EndProject
Global
	GlobalSection(SolutionConfigurationPlatforms) = preSolution
		Debug|Any CPU = Debug|Any CPU
		Release|Any CPU = Release|Any CPU
	EndGlobalSection
	GlobalSection(ProjectConfigurationPlatforms) = postSolution
		{96BAAD40-C311-4E6E-96DD-BA8AB0FF6D92}.Debug|Any CPU.ActiveCfg = Debug|Any CPU
		{96BAAD40-C311-4E6E-96DD-BA8AB0FF6D92}.Debug|Any CPU.Build.0 = Debug|Any CPU
		{96BAAD40-C311-4E6E-96DD-BA8AB0FF6D92}.Release|Any CPU.ActiveCfg = Release|Any CPU
		{96BAAD40-C311-4E6E-96DD-BA8AB0FF6D92}.Release|Any CPU.Build.0 = Release|Any CPU
		{6A9AE5FF-C86A-4A51-9B75-8F07E66B4968}.Debug|Any CPU.ActiveCfg = Debug|Any CPU
		{6A9AE5FF-C86A-4A51-9B75-8F07E66B4968}.Debug|Any CPU.Build.0 = Debug|Any CPU
		{6A9AE5FF-C86A-4A51-9B75-8F07E66B4968}.Release|Any CPU.ActiveCfg = Release|Any CPU
		{6A9AE5FF-C86A-4A51-9B75-8F07E66B4968}.Release|Any CPU.Build.0 = Release|Any CPU
		{4B99BA8E-B333-4CF4-991E-35D3A5247283}.Debug|Any CPU.ActiveCfg = Debug|Any CPU
		{4B99BA8E-B333-4CF4-991E-35D3A5247283}.Debug|Any CPU.Build.0 = Debug|Any CPU
		{4B99BA8E-B333-4CF4-991E-35D3A5247283}.Release|Any CPU.ActiveCfg = Release|Any CPU
		{4B99BA8E-B333-4CF4-991E-35D3A5247283}.Release|Any CPU.Build.0 = Release|Any CPU
		{2348C1E9-386A-4149-8DF2-AFBD5A65662C}.Debug|Any CPU.ActiveCfg = Debug|Any CPU
		{2348C1E9-386A-4149-8DF2-AFBD5A65662C}.Debug|Any CPU.Build.0 = Debug|Any CPU
		{2348C1E9-386A-4149-8DF2-AFBD5A65662C}.Release|Any CPU.ActiveCfg = Release|Any CPU
		{2348C1E9-386A-4149-8DF2-AFBD5A65662C}.Release|Any CPU.Build.0 = Release|Any CPU
		{55676A21-18F6-4CDE-B956-F24A2743AD73}.Debug|Any CPU.ActiveCfg = Debug|Any CPU
		{55676A21-18F6-4CDE-B956-F24A2743AD73}.Debug|Any CPU.Build.0 = Debug|Any CPU
		{55676A21-18F6-4CDE-B956-F24A2743AD73}.Release|Any CPU.ActiveCfg = Release|Any CPU
		{55676A21-18F6-4CDE-B956-F24A2743AD73}.Release|Any CPU.Build.0 = Release|Any CPU
		{33C78BF8-E0A3-41CA-A6A0-AC4CC285E5EA}.Debug|Any CPU.ActiveCfg = Debug|Any CPU
		{33C78BF8-E0A3-41CA-A6A0-AC4CC285E5EA}.Debug|Any CPU.Build.0 = Debug|Any CPU
		{33C78BF8-E0A3-41CA-A6A0-AC4CC285E5EA}.Release|Any CPU.ActiveCfg = Release|Any CPU
		{33C78BF8-E0A3-41CA-A6A0-AC4CC285E5EA}.Release|Any CPU.Build.0 = Release|Any CPU
		{A5293D9D-A158-45E6-B98E-785732F87C8C}.Debug|Any CPU.ActiveCfg = Debug|Any CPU
		{A5293D9D-A158-45E6-B98E-785732F87C8C}.Debug|Any CPU.Build.0 = Debug|Any CPU
		{A5293D9D-A158-45E6-B98E-785732F87C8C}.Release|Any CPU.ActiveCfg = Release|Any CPU
		{A5293D9D-A158-45E6-B98E-785732F87C8C}.Release|Any CPU.Build.0 = Release|Any CPU
		{9B0E2FC6-202A-471E-8108-E1E057EB994C}.Debug|Any CPU.ActiveCfg = Debug|Any CPU
		{9B0E2FC6-202A-471E-8108-E1E057EB994C}.Debug|Any CPU.Build.0 = Debug|Any CPU
		{9B0E2FC6-202A-471E-8108-E1E057EB994C}.Release|Any CPU.ActiveCfg = Release|Any CPU
		{9B0E2FC6-202A-471E-8108-E1E057EB994C}.Release|Any CPU.Build.0 = Release|Any CPU
		{35AEC5DD-9134-4077-8BBB-8561DBD2F381}.Debug|Any CPU.ActiveCfg = Debug|Any CPU
		{35AEC5DD-9134-4077-8BBB-8561DBD2F381}.Debug|Any CPU.Build.0 = Debug|Any CPU
		{35AEC5DD-9134-4077-8BBB-8561DBD2F381}.Release|Any CPU.ActiveCfg = Release|Any CPU
		{35AEC5DD-9134-4077-8BBB-8561DBD2F381}.Release|Any CPU.Build.0 = Release|Any CPU
		{3B3D62FF-9E45-42E0-98B4-8E2473E64796}.Debug|Any CPU.ActiveCfg = Debug|Any CPU
		{3B3D62FF-9E45-42E0-98B4-8E2473E64796}.Debug|Any CPU.Build.0 = Debug|Any CPU
		{3B3D62FF-9E45-42E0-98B4-8E2473E64796}.Release|Any CPU.ActiveCfg = Release|Any CPU
		{3B3D62FF-9E45-42E0-98B4-8E2473E64796}.Release|Any CPU.Build.0 = Release|Any CPU
	EndGlobalSection
	GlobalSection(SolutionProperties) = preSolution
		HideSolutionNode = FALSE
	EndGlobalSection
EndGlobal
