
Microsoft Visual Studio Solution File, Format Version 12.00
# Visual Studio 2012
Project("{FAE04EC0-301F-11D3-BF4B-00C04F79EFBC}") = "NoMoreFreezes", "NoMoreFreezes\NoMoreFreezes.csproj", "{993E6A68-B5E2-4A43-A921-036D45DB47E3}"
EndProject
Global
	GlobalSection(SolutionConfigurationPlatforms) = preSolution
		Debug|Any CPU = Debug|Any CPU
		Release|Any CPU = Release|Any CPU
	EndGlobalSection
	GlobalSection(ProjectConfigurationPlatforms) = postSolution
		{993E6A68-B5E2-4A43-A921-036D45DB47E3}.Debug|Any CPU.ActiveCfg = Debug|Any CPU
		{993E6A68-B5E2-4A43-A921-036D45DB47E3}.Debug|Any CPU.Build.0 = Debug|Any CPU
		{993E6A68-B5E2-4A43-A921-036D45DB47E3}.Release|Any CPU.ActiveCfg = Release|Any CPU
		{993E6A68-B5E2-4A43-A921-036D45DB47E3}.Release|Any CPU.Build.0 = Release|Any CPU
	EndGlobalSection
	GlobalSection(SolutionProperties) = preSolution
		HideSolutionNode = FALSE
	EndGlobalSection
EndGlobal
